
Microsoft Visual Studio Solution File, Format Version 12.00
# Visual Studio 15
Project("{FAE04EC0-301F-11D3-BF4B-00C04F79EFBC}") = "Assembly-CSharp", "Assembly-CSharp.csproj", "{34600BE2-EA6B-B937-CDBD-6F6F696BB227}"
EndProject
Global
	GlobalSection(SolutionConfigurationPlatforms) = preSolution
		Debug|Any CPU = Debug|Any CPU
		Release|Any CPU = Release|Any CPU
	EndGlobalSection
	GlobalSection(ProjectConfigurationPlatforms) = postSolution
		{34600BE2-EA6B-B937-CDBD-6F6F696BB227}.Debug|Any CPU.ActiveCfg = Debug|Any CPU
		{34600BE2-EA6B-B937-CDBD-6F6F696BB227}.Debug|Any CPU.Build.0 = Debug|Any CPU
		{34600BE2-EA6B-B937-CDBD-6F6F696BB227}.Release|Any CPU.ActiveCfg = Release|Any CPU
		{34600BE2-EA6B-B937-CDBD-6F6F696BB227}.Release|Any CPU.Build.0 = Release|Any CPU
	EndGlobalSection
	GlobalSection(SolutionProperties) = preSolution
		HideSolutionNode = FALSE
	EndGlobalSection
EndGlobal
